{
  "name": "aiqbrain-offer-engine",
  "lockfileVersion": 3,
  "requires": true,
  "packages": {
    "": {
      "devDependencies": {
        "@cloudflare/workers-types": "^4.20250826.0"
      }
    },
    "node_modules/@cloudflare/workers-types": {
      "version": "4.20250826.0",
      "resolved": "https://registry.npmjs.org/@cloudflare/workers-types/-/workers-types-4.20250826.0.tgz",
      "integrity": "sha512-nAbTVI81wFSxbESRbfGRlfL4WYNvq8T46yr1ukypHL8O2xnbZfQnQhC7ftSBmDqov8HqQSdqcz9jCgLjVh61SQ==",
      "dev": true,
      "license": "MIT OR Apache-2.0"
    }
  }
}
